
Microsoft Visual Studio Solution File, Format Version 12.00
# Visual Studio Version 17
VisualStudioVersion = 17.9.34622.214
MinimumVisualStudioVersion = 10.0.40219.1
Project("{FAE04EC0-301F-11D3-BF4B-00C04F79EFBC}") = "9-KelimeOyunu", "9-KelimeOyunu.csproj", "{873F3D61-1874-457F-A9B7-3987E225B972}"
EndProject
Global
	GlobalSection(SolutionConfigurationPlatforms) = preSolution
		Debug|Any CPU = Debug|Any CPU
		Release|Any CPU = Release|Any CPU
	EndGlobalSection
	GlobalSection(ProjectConfigurationPlatforms) = postSolution
		{873F3D61-1874-457F-A9B7-3987E225B972}.Debug|Any CPU.ActiveCfg = Debug|Any CPU
		{873F3D61-1874-457F-A9B7-3987E225B972}.Debug|Any CPU.Build.0 = Debug|Any CPU
		{873F3D61-1874-457F-A9B7-3987E225B972}.Release|Any CPU.ActiveCfg = Release|Any CPU
		{873F3D61-1874-457F-A9B7-3987E225B972}.Release|Any CPU.Build.0 = Release|Any CPU
	EndGlobalSection
	GlobalSection(SolutionProperties) = preSolution
		HideSolutionNode = FALSE
	EndGlobalSection
	GlobalSection(ExtensibilityGlobals) = postSolution
		SolutionGuid = {5BA931A1-939A-48C9-A2E6-AFAB1966F4F2}
	EndGlobalSection
EndGlobal
