
Microsoft Visual Studio Solution File, Format Version 12.00
# Visual Studio Version 17
VisualStudioVersion = 17.9.34622.214
MinimumVisualStudioVersion = 10.0.40219.1
Project("{FAE04EC0-301F-11D3-BF4B-00C04F79EFBC}") = "PrimeNumbers", "PrimeNumbers.csproj", "{99BE252B-38E9-4596-82E5-1D2DBFB66FDB}"
EndProject
Global
	GlobalSection(SolutionConfigurationPlatforms) = preSolution
		Debug|Any CPU = Debug|Any CPU
		Release|Any CPU = Release|Any CPU
	EndGlobalSection
	GlobalSection(ProjectConfigurationPlatforms) = postSolution
		{99BE252B-38E9-4596-82E5-1D2DBFB66FDB}.Debug|Any CPU.ActiveCfg = Debug|Any CPU
		{99BE252B-38E9-4596-82E5-1D2DBFB66FDB}.Debug|Any CPU.Build.0 = Debug|Any CPU
		{99BE252B-38E9-4596-82E5-1D2DBFB66FDB}.Release|Any CPU.ActiveCfg = Release|Any CPU
		{99BE252B-38E9-4596-82E5-1D2DBFB66FDB}.Release|Any CPU.Build.0 = Release|Any CPU
	EndGlobalSection
	GlobalSection(SolutionProperties) = preSolution
		HideSolutionNode = FALSE
	EndGlobalSection
	GlobalSection(ExtensibilityGlobals) = postSolution
		SolutionGuid = {7D16E110-228F-4509-B4B4-E7C5F4096F4C}
	EndGlobalSection
EndGlobal
