
Microsoft Visual Studio Solution File, Format Version 12.00
# Visual Studio Version 17
VisualStudioVersion = 17.9.34622.214
MinimumVisualStudioVersion = 10.0.40219.1
Project("{FAE04EC0-301F-11D3-BF4B-00C04F79EFBC}") = "10-Version2", "10-Version2.csproj", "{3DF2C5B9-A6F6-4800-91DD-2DA75617E624}"
EndProject
Global
	GlobalSection(SolutionConfigurationPlatforms) = preSolution
		Debug|Any CPU = Debug|Any CPU
		Release|Any CPU = Release|Any CPU
	EndGlobalSection
	GlobalSection(ProjectConfigurationPlatforms) = postSolution
		{3DF2C5B9-A6F6-4800-91DD-2DA75617E624}.Debug|Any CPU.ActiveCfg = Debug|Any CPU
		{3DF2C5B9-A6F6-4800-91DD-2DA75617E624}.Debug|Any CPU.Build.0 = Debug|Any CPU
		{3DF2C5B9-A6F6-4800-91DD-2DA75617E624}.Release|Any CPU.ActiveCfg = Release|Any CPU
		{3DF2C5B9-A6F6-4800-91DD-2DA75617E624}.Release|Any CPU.Build.0 = Release|Any CPU
	EndGlobalSection
	GlobalSection(SolutionProperties) = preSolution
		HideSolutionNode = FALSE
	EndGlobalSection
	GlobalSection(ExtensibilityGlobals) = postSolution
		SolutionGuid = {145D2174-9BC0-4D94-8A7E-FC1CE7B8C940}
	EndGlobalSection
EndGlobal
