
Microsoft Visual Studio Solution File, Format Version 12.00
# Visual Studio Version 17
VisualStudioVersion = 17.9.34622.214
MinimumVisualStudioVersion = 10.0.40219.1
Project("{FAE04EC0-301F-11D3-BF4B-00C04F79EFBC}") = "decimalBakiye", "decimalBakiye.csproj", "{698ACD4D-209E-467F-AF77-FF72CE3EB196}"
EndProject
Global
	GlobalSection(SolutionConfigurationPlatforms) = preSolution
		Debug|Any CPU = Debug|Any CPU
		Release|Any CPU = Release|Any CPU
	EndGlobalSection
	GlobalSection(ProjectConfigurationPlatforms) = postSolution
		{698ACD4D-209E-467F-AF77-FF72CE3EB196}.Debug|Any CPU.ActiveCfg = Debug|Any CPU
		{698ACD4D-209E-467F-AF77-FF72CE3EB196}.Debug|Any CPU.Build.0 = Debug|Any CPU
		{698ACD4D-209E-467F-AF77-FF72CE3EB196}.Release|Any CPU.ActiveCfg = Release|Any CPU
		{698ACD4D-209E-467F-AF77-FF72CE3EB196}.Release|Any CPU.Build.0 = Release|Any CPU
	EndGlobalSection
	GlobalSection(SolutionProperties) = preSolution
		HideSolutionNode = FALSE
	EndGlobalSection
	GlobalSection(ExtensibilityGlobals) = postSolution
		SolutionGuid = {C191EDBA-F128-499D-B7AC-FD02B830802C}
	EndGlobalSection
EndGlobal
